
Microsoft Visual Studio Solution File, Format Version 12.00
# Visual Studio Version 16
VisualStudioVersion = 16.0.29519.87
MinimumVisualStudioVersion = 10.0.40219.1
Project("{FAE04EC0-301F-11D3-BF4B-00C04F79EFBC}") = "Bubble_Sort", "Bubble_Sort\Bubble_Sort.csproj", "{D79FAEA9-44CC-484B-A4DD-402AA3551FA3}"
EndProject
Global
	GlobalSection(SolutionConfigurationPlatforms) = preSolution
		Debug|Any CPU = Debug|Any CPU
		Release|Any CPU = Release|Any CPU
	EndGlobalSection
	GlobalSection(ProjectConfigurationPlatforms) = postSolution
		{D79FAEA9-44CC-484B-A4DD-402AA3551FA3}.Debug|Any CPU.ActiveCfg = Debug|Any CPU
		{D79FAEA9-44CC-484B-A4DD-402AA3551FA3}.Debug|Any CPU.Build.0 = Debug|Any CPU
		{D79FAEA9-44CC-484B-A4DD-402AA3551FA3}.Release|Any CPU.ActiveCfg = Release|Any CPU
		{D79FAEA9-44CC-484B-A4DD-402AA3551FA3}.Release|Any CPU.Build.0 = Release|Any CPU
	EndGlobalSection
	GlobalSection(SolutionProperties) = preSolution
		HideSolutionNode = FALSE
	EndGlobalSection
	GlobalSection(ExtensibilityGlobals) = postSolution
		SolutionGuid = {35E911E8-AB64-42A5-ADA5-97CD104ED872}
	EndGlobalSection
EndGlobal
